
Microsoft Visual Studio Solution File, Format Version 12.00
# Visual Studio Version 16
VisualStudioVersion = 16.0.29418.71
MinimumVisualStudioVersion = 10.0.40219.1
Project("{9A19103F-16F7-4668-BE54-9A1E7A4F7556}") = "Challenge_one", "Challenge_one\Challenge_one.csproj", "{87B86838-E0B4-4357-9E44-6B7F08B971E0}"
EndProject
Project("{9A19103F-16F7-4668-BE54-9A1E7A4F7556}") = "Challenge_one.Aplication", "Challenge_one.Aplication\Challenge_one.Aplication.csproj", "{AE64219C-D24D-41D1-B13D-2AF7A76523C2}"
EndProject
Project("{9A19103F-16F7-4668-BE54-9A1E7A4F7556}") = "Challenge_one.Model", "Challenge_one.Model\Challenge_one.Model.csproj", "{9C03EFB1-828A-43DE-8CE6-CA04413979DC}"
EndProject
Project("{9A19103F-16F7-4668-BE54-9A1E7A4F7556}") = "Challenge_one.ManagerQueue", "Challenge_one.Manager\Challenge_one.ManagerQueue.csproj", "{1D515D4E-E6ED-490D-96E3-7DC1E47BE4C6}"
EndProject
Project("{9A19103F-16F7-4668-BE54-9A1E7A4F7556}") = "Challenge_one.MsSql", "Challenge_one.MsSql\Challenge_one.MsSql.csproj", "{A910B6F1-EF25-4657-AB36-40D654D31E88}"
EndProject
Project("{FAE04EC0-301F-11D3-BF4B-00C04F79EFBC}") = "XUnitTestChallenge_one", "XUnitTestChallenge_one\XUnitTestChallenge_one.csproj", "{291B3CBF-6C27-42DD-A47B-92AB614356BD}"
EndProject
Global
	GlobalSection(SolutionConfigurationPlatforms) = preSolution
		Debug|Any CPU = Debug|Any CPU
		Release|Any CPU = Release|Any CPU
	EndGlobalSection
	GlobalSection(ProjectConfigurationPlatforms) = postSolution
		{87B86838-E0B4-4357-9E44-6B7F08B971E0}.Debug|Any CPU.ActiveCfg = Debug|Any CPU
		{87B86838-E0B4-4357-9E44-6B7F08B971E0}.Debug|Any CPU.Build.0 = Debug|Any CPU
		{87B86838-E0B4-4357-9E44-6B7F08B971E0}.Release|Any CPU.ActiveCfg = Release|Any CPU
		{87B86838-E0B4-4357-9E44-6B7F08B971E0}.Release|Any CPU.Build.0 = Release|Any CPU
		{AE64219C-D24D-41D1-B13D-2AF7A76523C2}.Debug|Any CPU.ActiveCfg = Debug|Any CPU
		{AE64219C-D24D-41D1-B13D-2AF7A76523C2}.Debug|Any CPU.Build.0 = Debug|Any CPU
		{AE64219C-D24D-41D1-B13D-2AF7A76523C2}.Release|Any CPU.ActiveCfg = Release|Any CPU
		{AE64219C-D24D-41D1-B13D-2AF7A76523C2}.Release|Any CPU.Build.0 = Release|Any CPU
		{9C03EFB1-828A-43DE-8CE6-CA04413979DC}.Debug|Any CPU.ActiveCfg = Debug|Any CPU
		{9C03EFB1-828A-43DE-8CE6-CA04413979DC}.Debug|Any CPU.Build.0 = Debug|Any CPU
		{9C03EFB1-828A-43DE-8CE6-CA04413979DC}.Release|Any CPU.ActiveCfg = Release|Any CPU
		{9C03EFB1-828A-43DE-8CE6-CA04413979DC}.Release|Any CPU.Build.0 = Release|Any CPU
		{1D515D4E-E6ED-490D-96E3-7DC1E47BE4C6}.Debug|Any CPU.ActiveCfg = Debug|Any CPU
		{1D515D4E-E6ED-490D-96E3-7DC1E47BE4C6}.Debug|Any CPU.Build.0 = Debug|Any CPU
		{1D515D4E-E6ED-490D-96E3-7DC1E47BE4C6}.Release|Any CPU.ActiveCfg = Release|Any CPU
		{1D515D4E-E6ED-490D-96E3-7DC1E47BE4C6}.Release|Any CPU.Build.0 = Release|Any CPU
		{A910B6F1-EF25-4657-AB36-40D654D31E88}.Debug|Any CPU.ActiveCfg = Debug|Any CPU
		{A910B6F1-EF25-4657-AB36-40D654D31E88}.Debug|Any CPU.Build.0 = Debug|Any CPU
		{A910B6F1-EF25-4657-AB36-40D654D31E88}.Release|Any CPU.ActiveCfg = Release|Any CPU
		{A910B6F1-EF25-4657-AB36-40D654D31E88}.Release|Any CPU.Build.0 = Release|Any CPU
		{291B3CBF-6C27-42DD-A47B-92AB614356BD}.Debug|Any CPU.ActiveCfg = Debug|Any CPU
		{291B3CBF-6C27-42DD-A47B-92AB614356BD}.Debug|Any CPU.Build.0 = Debug|Any CPU
		{291B3CBF-6C27-42DD-A47B-92AB614356BD}.Release|Any CPU.ActiveCfg = Release|Any CPU
		{291B3CBF-6C27-42DD-A47B-92AB614356BD}.Release|Any CPU.Build.0 = Release|Any CPU
	EndGlobalSection
	GlobalSection(SolutionProperties) = preSolution
		HideSolutionNode = FALSE
	EndGlobalSection
	GlobalSection(ExtensibilityGlobals) = postSolution
		SolutionGuid = {511A3D05-4E08-4068-8005-BA6702F5CA64}
	EndGlobalSection
EndGlobal
